Microsoft Visual Studio Solution File, Format Version 11.00
# Visual Studio 2008

Project("{128F74A2-F459-00B6-FD6A-54E8901ECE62}") = "CampOquisojoMusicVideo", "Assembly-CSharp.csproj", "{C465E458-ECF5-07E7-5CC6-8FA238D06BB9}"
EndProject
Global
	GlobalSection(SolutionConfigurationPlatforms) = preSolution
		Debug|Any CPU = Debug|Any CPU
		Release|Any CPU = Release|Any CPU
	EndGlobalSection
	GlobalSection(ProjectConfigurationPlatforms) = postSolution
		{C465E458-ECF5-07E7-5CC6-8FA238D06BB9}.Debug|Any CPU.ActiveCfg = Debug|Any CPU
		{C465E458-ECF5-07E7-5CC6-8FA238D06BB9}.Debug|Any CPU.Build.0 = Debug|Any CPU
		{C465E458-ECF5-07E7-5CC6-8FA238D06BB9}.Release|Any CPU.ActiveCfg = Release|Any CPU
		{C465E458-ECF5-07E7-5CC6-8FA238D06BB9}.Release|Any CPU.Build.0 = Release|Any CPU
	EndGlobalSection
	GlobalSection(SolutionProperties) = preSolution
		HideSolutionNode = FALSE
	EndGlobalSection
	GlobalSection(MonoDevelopProperties) = preSolution
		StartupItem = Assembly-CSharp.csproj
	EndGlobalSection
EndGlobal
